<?xml version="1.0" encoding="utf-8"?>
<Project ToolsVersion="4.0" xmlns="http://schemas.microsoft.com/developer/msbuild/2003">
  <ItemGroup>
    <Filter Include="소스 파일">
      <UniqueIdentifier>{4FC737F1-C7A5-4376-A066-2A32D752A2FF}</UniqueIdentifier>
      <Extensions>cpp;c;cc;cxx;c++;cppm;ixx;def;odl;idl;hpj;bat;asm;asmx</Extensions>
    </Filter>
    <Filter Include="헤더 파일">
      <UniqueIdentifier>{93995380-89BD-4b04-88EB-625FBE52EBFB}</UniqueIdentifier>
      <Extensions>h;hh;hpp;hxx;h++;hm;inl;inc;ipp;xsd</Extensions>
    </Filter>
    <Filter Include="리소스 파일">
      <UniqueIdentifier>{67DA6AB6-F800-4c08-8B7A-83BB121AAD01}</UniqueIdentifier>
      <Extensions>rc;ico;cur;bmp;dlg;rc2;rct;bin;rgs;gif;jpg;jpeg;jpe;resx;tiff;tif;png;wav;mfcribbon-ms</Extensions>
    </Filter>
    <Filter Include="01. Core">
      <UniqueIdentifier>{c543a52c-9aa2-4618-8a80-3f4551b86e1b}</UniqueIdentifier>
    </Filter>
    <Filter Include="01. Core\1. MainGame">
      <UniqueIdentifier>{f2aa50ec-e488-4908-8a6a-ac50689def50}</UniqueIdentifier>
    </Filter>
    <Filter Include="01. Core\2. Header">
      <UniqueIdentifier>{ce84520b-6bb5-4a82-b7e1-1896b423569f}</UniqueIdentifier>
    </Filter>
    <Filter Include="01. Core\3. Manager">
      <UniqueIdentifier>{ab67d72d-fe51-4c15-a0ce-09ed88f4eda3}</UniqueIdentifier>
    </Filter>
    <Filter Include="01. Core\4. Obj">
      <UniqueIdentifier>{c954168e-2df5-4fc5-b8df-4173b3ec6801}</UniqueIdentifier>
    </Filter>
    <Filter Include="01. Core\4. Obj\Enitity">
      <UniqueIdentifier>{2ae9461a-3301-4d57-971f-407a84ff952f}</UniqueIdentifier>
    </Filter>
    <Filter Include="01. Core\5. Scene">
      <UniqueIdentifier>{d45f28b9-2dac-49e1-acf5-a6a95cb9a7bd}</UniqueIdentifier>
    </Filter>
    <Filter Include="02. Contents">
      <UniqueIdentifier>{117db0ae-0982-49db-b189-c5bd46bacc77}</UniqueIdentifier>
    </Filter>
    <Filter Include="01. Core\6. Layer">
      <UniqueIdentifier>{2e6728ec-4cf0-4be3-8565-66ad489cea17}</UniqueIdentifier>
    </Filter>
    <Filter Include="01. Core\7. Resource">
      <UniqueIdentifier>{75ffaa91-fa17-44d2-8028-4f2a0bc06cb0}</UniqueIdentifier>
    </Filter>
    <Filter Include="01. Core\7. Resource\Texture">
      <UniqueIdentifier>{3fb7f1a7-f72c-4018-88c9-992c5279ec60}</UniqueIdentifier>
    </Filter>
    <Filter Include="01. Core\3. Manager\01. KeyMgr">
      <UniqueIdentifier>{fb38a1c7-fe20-44eb-a69b-02c0b1ce593e}</UniqueIdentifier>
    </Filter>
    <Filter Include="01. Core\3. Manager\02. RenderMgr">
      <UniqueIdentifier>{f4b2ea44-2cc2-4c8b-a999-293326702bb4}</UniqueIdentifier>
    </Filter>
    <Filter Include="01. Core\3. Manager\03. SceneMgr">
      <UniqueIdentifier>{c966c9ac-402e-4f19-aa8e-aa4ed6544730}</UniqueIdentifier>
    </Filter>
    <Filter Include="01. Core\3. Manager\04. TimeMgr">
      <UniqueIdentifier>{38e8ebda-7bf6-43ca-b0bd-f4c83543b1d6}</UniqueIdentifier>
    </Filter>
    <Filter Include="01. Core\3. Manager\05. ResourceMgr">
      <UniqueIdentifier>{8e3ac504-04b0-4f51-bead-d3e03d0acefe}</UniqueIdentifier>
    </Filter>
    <Filter Include="01. Core\7. Resource\Bmp">
      <UniqueIdentifier>{a5d3eb70-fa19-45b7-8c32-d6298b2fdfec}</UniqueIdentifier>
    </Filter>
    <Filter Include="01. Core\3. Manager\06. CollisionMgr">
      <UniqueIdentifier>{c1f6c3ec-2fcf-4e14-9d50-169f46b56e75}</UniqueIdentifier>
    </Filter>
    <Filter Include="01. Core\8. Component">
      <UniqueIdentifier>{cd2bf303-f269-477f-b4d8-16b8410cdeb4}</UniqueIdentifier>
    </Filter>
    <Filter Include="01. Core\8. Component\01. Animator">
      <UniqueIdentifier>{140338f5-6aef-4844-b1f0-3e06402e2620}</UniqueIdentifier>
    </Filter>
    <Filter Include="01. Core\8. Component\01. Animator\Animation">
      <UniqueIdentifier>{925b41cf-4346-4f4e-9564-4b28380e833a}</UniqueIdentifier>
    </Filter>
    <Filter Include="01. Core\8. Component\02. Collider">
      <UniqueIdentifier>{0bc687d2-027a-44c3-9236-92d8d1307f79}</UniqueIdentifier>
    </Filter>
    <Filter Include="01. Core\8. Component\03. Rigidbody">
      <UniqueIdentifier>{1609488e-7c5a-4a7d-8c4f-1480d597c05c}</UniqueIdentifier>
    </Filter>
    <Filter Include="01. Core\4. Obj\Camera">
      <UniqueIdentifier>{8f35dcf3-0de8-410b-8ef3-12bd372043d9}</UniqueIdentifier>
    </Filter>
    <Filter Include="02. Contents\01. Player">
      <UniqueIdentifier>{e1e72f64-a0ce-423f-993e-4b8dcc2c8e98}</UniqueIdentifier>
    </Filter>
    <Filter Include="02. Contents\03. Scene">
      <UniqueIdentifier>{c03b253f-1e55-4b89-ac8a-fd96fe391938}</UniqueIdentifier>
    </Filter>
    <Filter Include="02. Contents\04. UI">
      <UniqueIdentifier>{9fcc1786-32bf-4e3e-91f2-959d2782bac1}</UniqueIdentifier>
    </Filter>
    <Filter Include="01. Core\8. FMOD">
      <UniqueIdentifier>{80f26c87-1460-4225-82fc-bf1f46f002c4}</UniqueIdentifier>
    </Filter>
    <Filter Include="01. Core\3. Manager\07. SoundMgr">
      <UniqueIdentifier>{e77e928b-0b10-421f-9b7c-818c5e8d819e}</UniqueIdentifier>
    </Filter>
    <Filter Include="01. Core\7. Resource\Audio">
      <UniqueIdentifier>{cc3b2670-e2ea-42e8-8ffe-83de12c0b0fd}</UniqueIdentifier>
    </Filter>
    <Filter Include="02. Contents\05. BackGround">
      <UniqueIdentifier>{c514c0c3-1c29-4afe-867d-dd2eeb88aca6}</UniqueIdentifier>
    </Filter>
    <Filter Include="02. Contents\05. BackGround\AnimBG">
      <UniqueIdentifier>{1b5bab25-0617-4b3a-892e-80d85bd90070}</UniqueIdentifier>
    </Filter>
    <Filter Include="02. Contents\02. Enemy">
      <UniqueIdentifier>{e97b20b9-33fe-42da-9ead-44758ca180b2}</UniqueIdentifier>
    </Filter>
    <Filter Include="02. Contents\06. Skill">
      <UniqueIdentifier>{91aee882-d84c-4df7-8a16-39943a10cd8d}</UniqueIdentifier>
    </Filter>
    <Filter Include="01. Core\3. Manager\08. UIMgr">
      <UniqueIdentifier>{bba60d2b-5890-409f-8ee8-2fca5bcda617}</UniqueIdentifier>
    </Filter>
    <Filter Include="02. Contents\04. UI\SkillUI">
      <UniqueIdentifier>{cfced84f-dc6e-452c-bbf1-21eaad14387e}</UniqueIdentifier>
    </Filter>
    <Filter Include="02. Contents\06. Skill\01. PhantomBlow">
      <UniqueIdentifier>{57729f06-0a2d-4529-858b-bb8c1ebcd259}</UniqueIdentifier>
    </Filter>
    <Filter Include="02. Contents\01. Player\SkillStats">
      <UniqueIdentifier>{2f7ad820-eca9-474a-80d7-18a7b07aca9d}</UniqueIdentifier>
    </Filter>
    <Filter Include="02. Contents\01. Player\PlayerStats">
      <UniqueIdentifier>{da3b056c-afac-4a7e-8b79-581581374f7a}</UniqueIdentifier>
    </Filter>
    <Filter Include="02. Contents\06. Skill\01. PhantomBlow\PB_Obj">
      <UniqueIdentifier>{060eade3-b590-4ff0-9c4d-14bc2e0b138c}</UniqueIdentifier>
    </Filter>
    <Filter Include="02. Contents\04. UI\HUDUI">
      <UniqueIdentifier>{1fb51308-0912-4161-8e29-5af8b25b5608}</UniqueIdentifier>
    </Filter>
    <Filter Include="02. Contents\04. UI\QuickSlotUI">
      <UniqueIdentifier>{15c858b8-7468-44cc-b640-1d80d8c899dd}</UniqueIdentifier>
    </Filter>
    <Filter Include="02. Contents\01. Player\QuickStats">
      <UniqueIdentifier>{49a6e8c7-3964-4ebd-929f-35c0cab02f5b}</UniqueIdentifier>
    </Filter>
    <Filter Include="02. Contents\06. Skill\00. HitEffect">
      <UniqueIdentifier>{e039ccea-88a7-4463-aec8-d6b8bad5cb49}</UniqueIdentifier>
    </Filter>
    <Filter Include="02. Contents\06. Skill\00. Skill_Obj">
      <UniqueIdentifier>{c89e4203-e848-45a9-a061-7bf41f03fc2b}</UniqueIdentifier>
    </Filter>
    <Filter Include="02. Contents\04. UI\InvenUI">
      <UniqueIdentifier>{c28564bd-bbdd-4222-b35b-b42f8d9459be}</UniqueIdentifier>
    </Filter>
    <Filter Include="02. Contents\08. Item">
      <UniqueIdentifier>{db0392b9-d8bf-479c-b7fa-ee992c48da6f}</UniqueIdentifier>
    </Filter>
    <Filter Include="02. Contents\01. Player\Inventory">
      <UniqueIdentifier>{c02f91ac-2aa9-463d-8108-81c0557b6775}</UniqueIdentifier>
    </Filter>
    <Filter Include="02. Contents\04. UI\EquipUI">
      <UniqueIdentifier>{d15e96f5-bea9-4bfe-b9a5-393e20e18ccb}</UniqueIdentifier>
    </Filter>
    <Filter Include="02. Contents\01. Player\EquipStats">
      <UniqueIdentifier>{4c7df758-bbfb-4ce5-93f0-3e464478d3f3}</UniqueIdentifier>
    </Filter>
    <Filter Include="02. Contents\08. Item\00. Item_Obj">
      <UniqueIdentifier>{7a0688a1-08d1-42cb-a023-131a1454a98c}</UniqueIdentifier>
    </Filter>
    <Filter Include="02. Contents\08. Item\01. Equipable">
      <UniqueIdentifier>{fd438243-a538-4ca3-8e3e-bdac3c00158a}</UniqueIdentifier>
    </Filter>
    <Filter Include="02. Contents\08. Item\01. Equipable\01. Hat">
      <UniqueIdentifier>{0c96dda4-95db-4860-bdfc-c33848c9f062}</UniqueIdentifier>
    </Filter>
    <Filter Include="02. Contents\08. Item\01. Equipable\02. Top">
      <UniqueIdentifier>{3e3047a8-bcbd-4149-8233-3ccf481f4d59}</UniqueIdentifier>
    </Filter>
    <Filter Include="02. Contents\08. Item\01. Equipable\03. Bottom">
      <UniqueIdentifier>{eebe15e4-3221-4214-a1bd-652d2df6a5c1}</UniqueIdentifier>
    </Filter>
    <Filter Include="02. Contents\08. Item\01. Equipable\04. Shoes">
      <UniqueIdentifier>{b02f52cf-d4c2-4f9b-8b83-db4cf58ec6cc}</UniqueIdentifier>
    </Filter>
    <Filter Include="02. Contents\08. Item\01. Equipable\05. Weapon">
      <UniqueIdentifier>{ac58a994-7dbb-48ee-bcc5-8b26201abc96}</UniqueIdentifier>
    </Filter>
    <Filter Include="01. Core\3. Manager\09. ItemDatabase">
      <UniqueIdentifier>{0202ffa4-8522-47e4-ae7f-75f4f02e9f29}</UniqueIdentifier>
    </Filter>
    <Filter Include="02. Contents\04. UI\StatUI">
      <UniqueIdentifier>{a22f0d49-9978-41f3-9942-17ec7ed9720a}</UniqueIdentifier>
    </Filter>
    <Filter Include="02. Contents\00. AbstractClass">
      <UniqueIdentifier>{43202cf6-3098-4cf5-9756-a4a06c5d9b9e}</UniqueIdentifier>
    </Filter>
    <Filter Include="02. Contents\07. Npc">
      <UniqueIdentifier>{b6cf6c75-8b69-452e-a479-aa6cbaef0a8b}</UniqueIdentifier>
    </Filter>
    <Filter Include="02. Contents\07. Npc\01. Girl">
      <UniqueIdentifier>{bc2082a7-65aa-40fa-af46-f7761dff6e41}</UniqueIdentifier>
    </Filter>
    <Filter Include="02. Contents\07. Npc\02. ShopBoy">
      <UniqueIdentifier>{992038fc-bd0b-46d7-969a-588061c26ef3}</UniqueIdentifier>
    </Filter>
    <Filter Include="02. Contents\04. UI\ShopUI">
      <UniqueIdentifier>{244694e0-7def-4b50-9c37-13d1f3fde4c9}</UniqueIdentifier>
    </Filter>
    <Filter Include="02. Contents\08. Item\02. Consumable">
      <UniqueIdentifier>{f6860c2c-19ee-461b-bbe6-ebade4174482}</UniqueIdentifier>
    </Filter>
    <Filter Include="02. Contents\08. Item\02. Consumable\01. PowerEllixer">
      <UniqueIdentifier>{cc91b571-51db-4766-b8b2-1f68de8551bb}</UniqueIdentifier>
    </Filter>
    <Filter Include="02. Contents\04. UI\DialogBox">
      <UniqueIdentifier>{573836b6-38f2-4f4e-b72c-2102ad447069}</UniqueIdentifier>
    </Filter>
    <Filter Include="02. Contents\03. Scene\01. Scene_Title">
      <UniqueIdentifier>{94581295-d1f8-4088-9c85-766487d1f184}</UniqueIdentifier>
    </Filter>
    <Filter Include="02. Contents\03. Scene\02. Scene_Rutabyss">
      <UniqueIdentifier>{9b998e8b-34ea-404c-9624-3104e3998f77}</UniqueIdentifier>
    </Filter>
    <Filter Include="02. Contents\04. UI\Button">
      <UniqueIdentifier>{936ca481-a79f-44f1-b6bc-9ec28786d32f}</UniqueIdentifier>
    </Filter>
    <Filter Include="02. Contents\09. Button">
      <UniqueIdentifier>{f3ffd930-e8fa-4b90-8ded-2d246f14dbc8}</UniqueIdentifier>
    </Filter>
    <Filter Include="02. Contents\09. Button\01. Title_Button">
      <UniqueIdentifier>{870b4100-4eef-43f0-b964-f4b3d6ed30e7}</UniqueIdentifier>
    </Filter>
    <Filter Include="02. Contents\03. Scene\03. Scene_Boss">
      <UniqueIdentifier>{4e2e4411-b960-4326-b51f-211df7934a92}</UniqueIdentifier>
    </Filter>
    <Filter Include="02. Contents\05. BackGround\AnimBG\심연의동굴">
      <UniqueIdentifier>{b8e0aee2-802d-4728-8ff2-460af473a1ac}</UniqueIdentifier>
    </Filter>
    <Filter Include="02. Contents\10. Portal">
      <UniqueIdentifier>{8a93043d-955e-4778-890d-2aa4fdaffda8}</UniqueIdentifier>
    </Filter>
    <Filter Include="02. Contents\02. Enemy\01. Vellum">
      <UniqueIdentifier>{67b79232-8704-47e4-99a6-55fd78b2f392}</UniqueIdentifier>
    </Filter>
    <Filter Include="02. Contents\11. OBJ_UI">
      <UniqueIdentifier>{03c72019-ef9a-493f-852a-f1621f167f89}</UniqueIdentifier>
    </Filter>
    <Filter Include="02. Contents\11. OBJ_UI\01. DamageNum">
      <UniqueIdentifier>{d76c9f6d-ac5c-4cd0-8d5e-b7300d99cbe1}</UniqueIdentifier>
    </Filter>
    <Filter Include="02. Contents\03. Scene\03. Scene_Boss\VellumTrigger">
      <UniqueIdentifier>{4dd286bc-6d25-4834-b45c-5bb551f12d9f}</UniqueIdentifier>
    </Filter>
    <Filter Include="02. Contents\02. Enemy\01. Vellum\01. DeepBreath">
      <UniqueIdentifier>{2884a7ed-3cee-4be8-b172-c375bc2052a1}</UniqueIdentifier>
    </Filter>
    <Filter Include="02. Contents\02. Enemy\01. Vellum\02. StoneSpawner">
      <UniqueIdentifier>{f73a788b-532e-4e19-896e-fcd04f2d7271}</UniqueIdentifier>
    </Filter>
    <Filter Include="02. Contents\02. Enemy\01. Vellum\03. VellumAttackCollider">
      <UniqueIdentifier>{fa236d81-5c92-431f-bbb9-9e0f95df63e9}</UniqueIdentifier>
    </Filter>
    <Filter Include="02. Contents\02. Enemy\01. Vellum\04. VellumStone">
      <UniqueIdentifier>{0bbbd883-754b-4822-9783-44ac8c296463}</UniqueIdentifier>
    </Filter>
    <Filter Include="02. Contents\02. Enemy\01. Vellum\05. Tail">
      <UniqueIdentifier>{3eece652-90f0-477b-8811-010dfda7e4e4}</UniqueIdentifier>
    </Filter>
    <Filter Include="02. Contents\12. OBJ_ETC">
      <UniqueIdentifier>{03b6c8b1-c74e-49dc-9105-592fae3d4225}</UniqueIdentifier>
    </Filter>
    <Filter Include="02. Contents\12. OBJ_ETC\00. StunObj">
      <UniqueIdentifier>{bf2ae126-97cf-4108-ab6a-f4bf66c10bac}</UniqueIdentifier>
    </Filter>
    <Filter Include="02. Contents\04. UI\DeathUI">
      <UniqueIdentifier>{d36e66fa-36f8-4d64-922f-bac126568c11}</UniqueIdentifier>
    </Filter>
    <Filter Include="02. Contents\12. OBJ_ETC\01. Tomb">
      <UniqueIdentifier>{f016719d-7ab8-4df7-b2f8-bef0f7183730}</UniqueIdentifier>
    </Filter>
    <Filter Include="02. Contents\11. OBJ_UI\02. VellumHpBar">
      <UniqueIdentifier>{4399bb40-1b32-4f89-a5c2-b551c41c4182}</UniqueIdentifier>
    </Filter>
    <Filter Include="02. Contents\11. OBJ_UI\03. MiniMap">
      <UniqueIdentifier>{62aa7e40-8b81-4938-807e-a2be9e30f767}</UniqueIdentifier>
    </Filter>
    <Filter Include="02. Contents\06. Skill\00. FlashJump">
      <UniqueIdentifier>{2a22a473-a2ac-4959-a82a-3e746e107bce}</UniqueIdentifier>
    </Filter>
    <Filter Include="02. Contents\06. Skill\02. KarmaFury">
      <UniqueIdentifier>{f9e54431-0c7d-47ce-bf7f-05d926c793a4}</UniqueIdentifier>
    </Filter>
    <Filter Include="02. Contents\06. Skill\02. KarmaFury\KF_Obj">
      <UniqueIdentifier>{86ef83e7-3ded-4f07-8dd1-5c13db908a5f}</UniqueIdentifier>
    </Filter>
    <Filter Include="02. Contents\06. Skill\04. BladeStorm">
      <UniqueIdentifier>{0510ff69-b093-481c-abe2-a6ba4261c7d0}</UniqueIdentifier>
    </Filter>
    <Filter Include="02. Contents\06. Skill\03. BladeTornado">
      <UniqueIdentifier>{a2b281da-6e9e-422d-a698-1478035a7ba2}</UniqueIdentifier>
    </Filter>
    <Filter Include="02. Contents\06. Skill\03. BladeTornado\BT_Obj">
      <UniqueIdentifier>{77c34bd8-ba47-4194-8bce-a91fe2841f54}</UniqueIdentifier>
    </Filter>
    <Filter Include="02. Contents\06. Skill\04. BladeStorm\BS_Obj">
      <UniqueIdentifier>{e37f1ab0-d0c8-49bc-877c-188ab9df329e}</UniqueIdentifier>
    </Filter>
    <Filter Include="02. Contents\06. Skill\05. Asura">
      <UniqueIdentifier>{f5a64b16-a05e-4df8-a15e-2b1dec1792a3}</UniqueIdentifier>
    </Filter>
    <Filter Include="02. Contents\06. Skill\05. Asura\AS_Obj">
      <UniqueIdentifier>{14556f80-4098-4ccf-b692-30307f2272e9}</UniqueIdentifier>
    </Filter>
    <Filter Include="02. Contents\03. Scene\04. Scene_Grandis">
      <UniqueIdentifier>{4fed57a3-ef80-4bb0-97e3-a571f7fa8bb5}</UniqueIdentifier>
    </Filter>
    <Filter Include="02. Contents\05. BackGround\AnimBG\격류지대">
      <UniqueIdentifier>{dbca3c88-141a-4ed3-be57-804fa5800f07}</UniqueIdentifier>
    </Filter>
    <Filter Include="02. Contents\05. BackGround\AnimBG\거대한뿌리">
      <UniqueIdentifier>{779d3b52-1365-41b9-b217-5fb51624f1a7}</UniqueIdentifier>
    </Filter>
    <Filter Include="02. Contents\12. OBJ_ETC\02. RapidStream">
      <UniqueIdentifier>{1cba547f-782d-40e6-98ad-149f2ba94490}</UniqueIdentifier>
    </Filter>
    <Filter Include="02. Contents\02. Enemy\02. RhyTurtle">
      <UniqueIdentifier>{41f49e38-e8a1-48a1-96f2-5374bb042909}</UniqueIdentifier>
    </Filter>
    <Filter Include="02. Contents\02. Enemy\00. AttackCollider">
      <UniqueIdentifier>{9f935bb4-e5dd-426e-9a0d-b550bc30160e}</UniqueIdentifier>
    </Filter>
    <Filter Include="02. Contents\02. Enemy\03. CT_RhyTurtle">
      <UniqueIdentifier>{9906e7d4-a400-4310-bcfb-47eab2b47203}</UniqueIdentifier>
    </Filter>
    <Filter Include="02. Contents\10. Portal\YellowPortal">
      <UniqueIdentifier>{3f4fe88f-173c-44dc-a9c7-8d80e479ae01}</UniqueIdentifier>
    </Filter>
    <Filter Include="02. Contents\03. Scene\05. Scene_Eagle">
      <UniqueIdentifier>{22d5fd38-c372-41ab-a1bd-54a181f0f765}</UniqueIdentifier>
    </Filter>
    <Filter Include="02. Contents\03. Scene\05. Scene_Eagle\01. Eagles">
      <UniqueIdentifier>{0ea04aa1-41db-4887-a1a7-d74d87951ef9}</UniqueIdentifier>
    </Filter>
    <Filter Include="02. Contents\03. Scene\05. Scene_Eagle\01. Eagles\Eagle">
      <UniqueIdentifier>{5e370fef-cd22-414b-97bf-77aca57f96ac}</UniqueIdentifier>
    </Filter>
    <Filter Include="02. Contents\11. OBJ_UI\04. Aim">
      <UniqueIdentifier>{dac911fd-d485-4cd9-9abc-4621a4246196}</UniqueIdentifier>
    </Filter>
    <Filter Include="02. Contents\03. Scene\05. Scene_Eagle\01. Eagles\Bald_Eagle">
      <UniqueIdentifier>{eb9d23dc-5526-4b26-b092-30d0fe289b0b}</UniqueIdentifier>
    </Filter>
    <Filter Include="02. Contents\11. OBJ_UI\05. TimerUI">
      <UniqueIdentifier>{c9713317-0f1e-4a99-b1cf-e90fec4fcdd0}</UniqueIdentifier>
    </Filter>
    <Filter Include="02. Contents\03. Scene\05. Scene_Eagle\00. GameMgr">
      <UniqueIdentifier>{00a86b9e-d49a-4db1-9262-1527fb49d1cb}</UniqueIdentifier>
    </Filter>
    <Filter Include="02. Contents\11. OBJ_UI\06. Counting">
      <UniqueIdentifier>{314b0fc1-2970-4569-8286-b5e507e0c9a2}</UniqueIdentifier>
    </Filter>
    <Filter Include="02. Contents\11. OBJ_UI\07. Success">
      <UniqueIdentifier>{e0f904ff-ed3c-4ced-9110-18cbe175ec06}</UniqueIdentifier>
    </Filter>
    <Filter Include="02. Contents\11. OBJ_UI\08. Fail">
      <UniqueIdentifier>{29eceee9-2cc7-4979-b041-92dfcdb7fcb1}</UniqueIdentifier>
    </Filter>
    <Filter Include="02. Contents\03. Scene\06. Scene_Totem">
      <UniqueIdentifier>{91689fb3-c947-4af4-a688-1b60f8125042}</UniqueIdentifier>
    </Filter>
    <Filter Include="02. Contents\03. Scene\06. Scene_Totem\01. Totem">
      <UniqueIdentifier>{070a9b4a-a942-4cc6-86c5-dca3ae9cf7cb}</UniqueIdentifier>
    </Filter>
    <Filter Include="02. Contents\11. OBJ_UI\09. TotemBar">
      <UniqueIdentifier>{b5f21970-8fb0-40d6-818f-33606b3b567d}</UniqueIdentifier>
    </Filter>
    <Filter Include="02. Contents\03. Scene\06. Scene_Totem\02. Player">
      <UniqueIdentifier>{18792a7d-6c91-48d3-bc59-cbd4a0402ec3}</UniqueIdentifier>
    </Filter>
    <Filter Include="02. Contents\03. Scene\06. Scene_Totem\03. TS_GameMgr">
      <UniqueIdentifier>{6f0ca4f6-a8c3-4afd-9878-a6b1b550a2ab}</UniqueIdentifier>
    </Filter>
    <Filter Include="02. Contents\03. Scene\06. Scene_Totem\04. Effect">
      <UniqueIdentifier>{3b087114-8a4b-4045-9acf-fe29d59002a7}</UniqueIdentifier>
    </Filter>
    <Filter Include="02. Contents\03. Scene\06. Scene_Totem\04. Effect\01. CatchEffect">
      <UniqueIdentifier>{b030eb4b-4f0d-4a0b-a9e5-38258dd54afc}</UniqueIdentifier>
    </Filter>
    <Filter Include="02. Contents\03. Scene\06. Scene_Totem\04. Effect\01. CatchEffect\00. Perfect">
      <UniqueIdentifier>{ea026e35-5c9c-485b-a543-6e4e1f74658d}</UniqueIdentifier>
    </Filter>
    <Filter Include="02. Contents\03. Scene\06. Scene_Totem\04. Effect\01. CatchEffect\01. Great">
      <UniqueIdentifier>{3104928c-d2cf-45fd-abcc-9deda7175519}</UniqueIdentifier>
    </Filter>
    <Filter Include="02. Contents\03. Scene\06. Scene_Totem\04. Effect\01. CatchEffect\02. Good">
      <UniqueIdentifier>{3fe578cc-7904-411a-a58a-9d3857481260}</UniqueIdentifier>
    </Filter>
    <Filter Include="02. Contents\03. Scene\06. Scene_Totem\04. Effect\02. KillEffect">
      <UniqueIdentifier>{804938a6-5e99-45b3-a7b0-9a0d86b7aa95}</UniqueIdentifier>
    </Filter>
    <Filter Include="02. Contents\03. Scene\06. Scene_Totem\04. Effect\03. SlashEffect">
      <UniqueIdentifier>{26e89850-cdf7-46a2-a22f-7722cc7ecf84}</UniqueIdentifier>
    </Filter>
    <Filter Include="02. Contents\12. OBJ_ETC\03. WhiteBuffer">
      <UniqueIdentifier>{8e807fb9-07d1-4a82-aa58-07c4af01fbab}</UniqueIdentifier>
    </Filter>
    <Filter Include="01. Core\3. Manager\10. QuestMgr">
      <UniqueIdentifier>{9a1503d9-be02-446e-9e9a-f1e8ce88ef66}</UniqueIdentifier>
    </Filter>
    <Filter Include="02. Contents\13. Quest">
      <UniqueIdentifier>{25acaa66-f752-4afa-9ad8-60cb930b3248}</UniqueIdentifier>
    </Filter>
    <Filter Include="02. Contents\13. Quest\01. HuntQuest">
      <UniqueIdentifier>{3763733b-9e12-40be-a2cf-75b7064e04e1}</UniqueIdentifier>
    </Filter>
    <Filter Include="02. Contents\10. Portal\EventPortal">
      <UniqueIdentifier>{7c92f70f-c306-4e30-bad4-ada7080654e5}</UniqueIdentifier>
    </Filter>
    <Filter Include="02. Contents\03. Scene\07. Scene_Totem_Prev">
      <UniqueIdentifier>{91752682-beed-4151-b3be-51a518bea782}</UniqueIdentifier>
    </Filter>
    <Filter Include="02. Contents\07. Npc\03. Frietto">
      <UniqueIdentifier>{500e50b1-9cbf-494c-9799-2dc7fb642490}</UniqueIdentifier>
    </Filter>
    <Filter Include="02. Contents\03. Scene\08. Scene_Eagle_Prev">
      <UniqueIdentifier>{6af7c5d1-44b8-4ac9-ade3-f62ba7ea01f3}</UniqueIdentifier>
    </Filter>
    <Filter Include="02. Contents\13. Quest\02. ClearQuest">
      <UniqueIdentifier>{949ca9c1-ca6b-4f9a-8b4c-5052601590e2}</UniqueIdentifier>
    </Filter>
    <Filter Include="02. Contents\03. Scene\09. Scene_Rudy">
      <UniqueIdentifier>{a4073246-634f-40e4-b27e-1a324bb24d4f}</UniqueIdentifier>
    </Filter>
    <Filter Include="02. Contents\05. BackGround\AnimBG\뒤틀린시간의길">
      <UniqueIdentifier>{50eebd46-512a-474b-9811-0e0684b8a332}</UniqueIdentifier>
    </Filter>
    <Filter Include="02. Contents\02. Enemy\04. DualPirate">
      <UniqueIdentifier>{3347ba0c-dbf1-4676-9838-c9b351ae24ba}</UniqueIdentifier>
    </Filter>
    <Filter Include="02. Contents\10. Portal\EventPortal2">
      <UniqueIdentifier>{155e5945-a842-45f4-a4c5-f725b4550128}</UniqueIdentifier>
    </Filter>
    <Filter Include="02. Contents\03. Scene\10. Scene_Rudy_End">
      <UniqueIdentifier>{da61e975-de03-4bc4-ada9-67958ffc74e5}</UniqueIdentifier>
    </Filter>
    <Filter Include="02. Contents\07. Npc\04. Stone">
      <UniqueIdentifier>{f13ebd0f-f82b-4bf2-9b43-f9d9f93b5ed5}</UniqueIdentifier>
    </Filter>
    <Filter Include="02. Contents\08. Item\03. Etc">
      <UniqueIdentifier>{bc3418ed-e250-4488-bc00-8e40370241da}</UniqueIdentifier>
    </Filter>
    <Filter Include="02. Contents\08. Item\03. Etc\Token">
      <UniqueIdentifier>{cb5f761c-a6fb-40a3-a390-adb1222f44b7}</UniqueIdentifier>
    </Filter>
    <Filter Include="02. Contents\08. Item\00. Item_Obj\Meso_Obj">
      <UniqueIdentifier>{4ec3afbe-0793-4944-8964-19eef382182f}</UniqueIdentifier>
    </Filter>
    <Filter Include="02. Contents\06. Skill\06. LevelUp">
      <UniqueIdentifier>{8bbca6fb-6f00-487a-899c-a35eb8c7889d}</UniqueIdentifier>
    </Filter>
    <Filter Include="02. Contents\07. Npc\05. Esfesia">
      <UniqueIdentifier>{da002679-bfa9-4e5f-87a9-68d9e7546270}</UniqueIdentifier>
    </Filter>
  </ItemGroup>
  <ItemGroup>
    <ClInclude Include="framework.h">
      <Filter>헤더 파일</Filter>
    </ClInclude>
    <ClInclude Include="targetver.h">
      <Filter>헤더 파일</Filter>
    </ClInclude>
    <ClInclude Include="Resource.h">
      <Filter>헤더 파일</Filter>
    </ClInclude>
    <ClInclude Include="JaeookAPI.h">
      <Filter>헤더 파일</Filter>
    </ClInclude>
    <ClInclude Include="MainGame.h">
      <Filter>01. Core\1. MainGame</Filter>
    </ClInclude>
    <ClInclude Include="CommonInclude.h">
      <Filter>01. Core\2. Header</Filter>
    </ClInclude>
    <ClInclude Include="Vec2.h">
      <Filter>01. Core\2. Header</Filter>
    </ClInclude>
    <ClInclude Include="Enums.h">
      <Filter>01. Core\2. Header</Filter>
    </ClInclude>
    <ClInclude Include="GameObject.h">
      <Filter>01. Core\4. Obj</Filter>
    </ClInclude>
    <ClInclude Include="Entity.h">
      <Filter>01. Core\4. Obj\Enitity</Filter>
    </ClInclude>
    <ClInclude Include="KeyMgr.h">
      <Filter>01. Core\3. Manager\01. KeyMgr</Filter>
    </ClInclude>
    <ClInclude Include="TimeMgr.h">
      <Filter>01. Core\3. Manager\04. TimeMgr</Filter>
    </ClInclude>
    <ClInclude Include="SceneMgr.h">
      <Filter>01. Core\3. Manager\03. SceneMgr</Filter>
    </ClInclude>
    <ClInclude Include="Scene.h">
      <Filter>01. Core\5. Scene</Filter>
    </ClInclude>
    <ClInclude Include="Layer.h">
      <Filter>01. Core\6. Layer</Filter>
    </ClInclude>
    <ClInclude Include="RenderMgr.h">
      <Filter>01. Core\3. Manager\02. RenderMgr</Filter>
    </ClInclude>
    <ClInclude Include="JoResource.h">
      <Filter>01. Core\7. Resource</Filter>
    </ClInclude>
    <ClInclude Include="JoTexture.h">
      <Filter>01. Core\7. Resource\Texture</Filter>
    </ClInclude>
    <ClInclude Include="ResourceMgr.h">
      <Filter>01. Core\3. Manager\05. ResourceMgr</Filter>
    </ClInclude>
    <ClInclude Include="JoBmp.h">
      <Filter>01. Core\7. Resource\Bmp</Filter>
    </ClInclude>
    <ClInclude Include="Transform.h">
      <Filter>01. Core\2. Header</Filter>
    </ClInclude>
    <ClInclude Include="CollisionMgr.h">
      <Filter>01. Core\3. Manager\06. CollisionMgr</Filter>
    </ClInclude>
    <ClInclude Include="Animator.h">
      <Filter>01. Core\8. Component\01. Animator</Filter>
    </ClInclude>
    <ClInclude Include="Animation.h">
      <Filter>01. Core\8. Component\01. Animator\Animation</Filter>
    </ClInclude>
    <ClInclude Include="Camera.h">
      <Filter>01. Core\4. Obj\Camera</Filter>
    </ClInclude>
    <ClInclude Include="Collider.h">
      <Filter>01. Core\8. Component\02. Collider</Filter>
    </ClInclude>
    <ClInclude Include="Rigidbody.h">
      <Filter>01. Core\8. Component\03. Rigidbody</Filter>
    </ClInclude>
    <ClInclude Include="MyFmod.h">
      <Filter>01. Core\8. FMOD</Filter>
    </ClInclude>
    <ClInclude Include="SoundMgr.h">
      <Filter>01. Core\3. Manager\07. SoundMgr</Filter>
    </ClInclude>
    <ClInclude Include="Audio.h">
      <Filter>01. Core\7. Resource\Audio</Filter>
    </ClInclude>
    <ClInclude Include="Scene_Rutabyss.h">
      <Filter>02. Contents\03. Scene\02. Scene_Rutabyss</Filter>
    </ClInclude>
    <ClInclude Include="joObject.h">
      <Filter>01. Core\2. Header</Filter>
    </ClInclude>
    <ClInclude Include="Player.h">
      <Filter>02. Contents\01. Player</Filter>
    </ClInclude>
    <ClInclude Include="BackGround.h">
      <Filter>02. Contents\05. BackGround</Filter>
    </ClInclude>
    <ClInclude Include="AnimBG.h">
      <Filter>02. Contents\05. BackGround\AnimBG</Filter>
    </ClInclude>
    <ClInclude Include="GiantRootBG.h">
      <Filter>02. Contents\05. BackGround\AnimBG\거대한뿌리</Filter>
    </ClInclude>
    <ClInclude Include="Enrollable.h">
      <Filter>02. Contents\00. AbstractClass</Filter>
    </ClInclude>
    <ClInclude Include="UIMgr.h">
      <Filter>01. Core\3. Manager\08. UIMgr</Filter>
    </ClInclude>
    <ClInclude Include="SkillUI.h">
      <Filter>02. Contents\04. UI\SkillUI</Filter>
    </ClInclude>
    <ClInclude Include="PhantomBlow.h">
      <Filter>02. Contents\06. Skill\01. PhantomBlow</Filter>
    </ClInclude>
    <ClInclude Include="SkillStats.h">
      <Filter>02. Contents\01. Player\SkillStats</Filter>
    </ClInclude>
    <ClInclude Include="PlayerStats.h">
      <Filter>02. Contents\01. Player\PlayerStats</Filter>
    </ClInclude>
    <ClInclude Include="Skill.h">
      <Filter>02. Contents\06. Skill</Filter>
    </ClInclude>
    <ClInclude Include="HudUI.h">
      <Filter>02. Contents\04. UI\HUDUI</Filter>
    </ClInclude>
    <ClInclude Include="QuickSlotUI.h">
      <Filter>02. Contents\04. UI\QuickSlotUI</Filter>
    </ClInclude>
    <ClInclude Include="QuickStats.h">
      <Filter>02. Contents\01. Player\QuickStats</Filter>
    </ClInclude>
    <ClInclude Include="MovableUI.h">
      <Filter>02. Contents\04. UI</Filter>
    </ClInclude>
    <ClInclude Include="PB_Obj.h">
      <Filter>02. Contents\06. Skill\01. PhantomBlow\PB_Obj</Filter>
    </ClInclude>
    <ClInclude Include="HitEffect.h">
      <Filter>02. Contents\06. Skill\00. HitEffect</Filter>
    </ClInclude>
    <ClInclude Include="Skill_Obj.h">
      <Filter>02. Contents\06. Skill\00. Skill_Obj</Filter>
    </ClInclude>
    <ClInclude Include="FJ_Obj.h">
      <Filter>02. Contents\06. Skill\00. FlashJump</Filter>
    </ClInclude>
    <ClInclude Include="InvenUI.h">
      <Filter>02. Contents\04. UI\InvenUI</Filter>
    </ClInclude>
    <ClInclude Include="Item.h">
      <Filter>02. Contents\08. Item</Filter>
    </ClInclude>
    <ClInclude Include="Equipable.h">
      <Filter>02. Contents\08. Item\01. Equipable</Filter>
    </ClInclude>
    <ClInclude Include="Inventory.h">
      <Filter>02. Contents\01. Player\Inventory</Filter>
    </ClInclude>
    <ClInclude Include="EquipUI.h">
      <Filter>02. Contents\04. UI\EquipUI</Filter>
    </ClInclude>
    <ClInclude Include="EquipStats.h">
      <Filter>02. Contents\01. Player\EquipStats</Filter>
    </ClInclude>
    <ClInclude Include="Item_Obj.h">
      <Filter>02. Contents\08. Item\00. Item_Obj</Filter>
    </ClInclude>
    <ClInclude Include="Hat.h">
      <Filter>02. Contents\08. Item\01. Equipable\01. Hat</Filter>
    </ClInclude>
    <ClInclude Include="Top.h">
      <Filter>02. Contents\08. Item\01. Equipable\02. Top</Filter>
    </ClInclude>
    <ClInclude Include="Bottom.h">
      <Filter>02. Contents\08. Item\01. Equipable\03. Bottom</Filter>
    </ClInclude>
    <ClInclude Include="Shoes.h">
      <Filter>02. Contents\08. Item\01. Equipable\04. Shoes</Filter>
    </ClInclude>
    <ClInclude Include="Weapon.h">
      <Filter>02. Contents\08. Item\01. Equipable\05. Weapon</Filter>
    </ClInclude>
    <ClInclude Include="ItemDatabase.h">
      <Filter>01. Core\3. Manager\09. ItemDatabase</Filter>
    </ClInclude>
    <ClInclude Include="StatUI.h">
      <Filter>02. Contents\04. UI\StatUI</Filter>
    </ClInclude>
    <ClInclude Include="Girl.h">
      <Filter>02. Contents\07. Npc\01. Girl</Filter>
    </ClInclude>
    <ClInclude Include="ShopBoy.h">
      <Filter>02. Contents\07. Npc\02. ShopBoy</Filter>
    </ClInclude>
    <ClInclude Include="ShopUI.h">
      <Filter>02. Contents\04. UI\ShopUI</Filter>
    </ClInclude>
    <ClInclude Include="Consumable.h">
      <Filter>02. Contents\08. Item\02. Consumable</Filter>
    </ClInclude>
    <ClInclude Include="PowerEllixer.h">
      <Filter>02. Contents\08. Item\02. Consumable\01. PowerEllixer</Filter>
    </ClInclude>
    <ClInclude Include="MyDialogBox.h">
      <Filter>02. Contents\04. UI\DialogBox</Filter>
    </ClInclude>
    <ClInclude Include="Scene_Title.h">
      <Filter>02. Contents\03. Scene\01. Scene_Title</Filter>
    </ClInclude>
    <ClInclude Include="Button.h">
      <Filter>02. Contents\04. UI\Button</Filter>
    </ClInclude>
    <ClInclude Include="Title_Button.h">
      <Filter>02. Contents\09. Button\01. Title_Button</Filter>
    </ClInclude>
    <ClInclude Include="AbyssCaveBG.h">
      <Filter>02. Contents\05. BackGround\AnimBG\심연의동굴</Filter>
    </ClInclude>
    <ClInclude Include="Scene_Boss.h">
      <Filter>02. Contents\03. Scene\03. Scene_Boss</Filter>
    </ClInclude>
    <ClInclude Include="Portal.h">
      <Filter>02. Contents\10. Portal</Filter>
    </ClInclude>
    <ClInclude Include="UI.h">
      <Filter>02. Contents\04. UI</Filter>
    </ClInclude>
    <ClInclude Include="Vellum.h">
      <Filter>02. Contents\02. Enemy\01. Vellum</Filter>
    </ClInclude>
    <ClInclude Include="HitInterface.h">
      <Filter>02. Contents\00. AbstractClass</Filter>
    </ClInclude>
    <ClInclude Include="Enemy.h">
      <Filter>02. Contents\02. Enemy</Filter>
    </ClInclude>
    <ClInclude Include="DamageNum.h">
      <Filter>02. Contents\11. OBJ_UI\01. DamageNum</Filter>
    </ClInclude>
    <ClInclude Include="animtest.h">
      <Filter>헤더 파일</Filter>
    </ClInclude>
    <ClInclude Include="animtest2.h">
      <Filter>헤더 파일</Filter>
    </ClInclude>
    <ClInclude Include="VellumTrigger.h">
      <Filter>02. Contents\03. Scene\03. Scene_Boss\VellumTrigger</Filter>
    </ClInclude>
    <ClInclude Include="VellumAttackCollider.h">
      <Filter>02. Contents\02. Enemy\01. Vellum\03. VellumAttackCollider</Filter>
    </ClInclude>
    <ClInclude Include="VellumStone.h">
      <Filter>02. Contents\02. Enemy\01. Vellum\04. VellumStone</Filter>
    </ClInclude>
    <ClInclude Include="StoneSpawner.h">
      <Filter>02. Contents\02. Enemy\01. Vellum\02. StoneSpawner</Filter>
    </ClInclude>
    <ClInclude Include="DeepBreath.h">
      <Filter>02. Contents\02. Enemy\01. Vellum\01. DeepBreath</Filter>
    </ClInclude>
    <ClInclude Include="Tail.h">
      <Filter>02. Contents\02. Enemy\01. Vellum\05. Tail</Filter>
    </ClInclude>
    <ClInclude Include="DeathUI.h">
      <Filter>02. Contents\04. UI\DeathUI</Filter>
    </ClInclude>
    <ClInclude Include="StunEffect.h">
      <Filter>02. Contents\12. OBJ_ETC\00. StunObj</Filter>
    </ClInclude>
    <ClInclude Include="Tomb.h">
      <Filter>02. Contents\12. OBJ_ETC\01. Tomb</Filter>
    </ClInclude>
    <ClInclude Include="Vellum_HpBar.h">
      <Filter>02. Contents\11. OBJ_UI\02. VellumHpBar</Filter>
    </ClInclude>
    <ClInclude Include="MiniMap.h">
      <Filter>02. Contents\11. OBJ_UI\03. MiniMap</Filter>
    </ClInclude>
    <ClInclude Include="KarmaFury.h">
      <Filter>02. Contents\06. Skill\02. KarmaFury</Filter>
    </ClInclude>
    <ClInclude Include="KF_Obj.h">
      <Filter>02. Contents\06. Skill\02. KarmaFury\KF_Obj</Filter>
    </ClInclude>
    <ClInclude Include="BladeStorm.h">
      <Filter>02. Contents\06. Skill\04. BladeStorm</Filter>
    </ClInclude>
    <ClInclude Include="BladeTornado.h">
      <Filter>02. Contents\06. Skill\03. BladeTornado</Filter>
    </ClInclude>
    <ClInclude Include="BT_Obj.h">
      <Filter>02. Contents\06. Skill\03. BladeTornado\BT_Obj</Filter>
    </ClInclude>
    <ClInclude Include="BS_Obj.h">
      <Filter>02. Contents\06. Skill\04. BladeStorm\BS_Obj</Filter>
    </ClInclude>
    <ClInclude Include="Asura.h">
      <Filter>02. Contents\06. Skill\05. Asura</Filter>
    </ClInclude>
    <ClInclude Include="AS_Obj.h">
      <Filter>02. Contents\06. Skill\05. Asura\AS_Obj</Filter>
    </ClInclude>
    <ClInclude Include="Scene_Grandis.h">
      <Filter>02. Contents\03. Scene\04. Scene_Grandis</Filter>
    </ClInclude>
    <ClInclude Include="ChewBG.h">
      <Filter>02. Contents\05. BackGround\AnimBG\격류지대</Filter>
    </ClInclude>
    <ClInclude Include="RapidStream.h">
      <Filter>02. Contents\12. OBJ_ETC\02. RapidStream</Filter>
    </ClInclude>
    <ClInclude Include="RhyTurtle.h">
      <Filter>02. Contents\02. Enemy\02. RhyTurtle</Filter>
    </ClInclude>
    <ClInclude Include="AttackCollider.h">
      <Filter>02. Contents\02. Enemy\00. AttackCollider</Filter>
    </ClInclude>
    <ClInclude Include="CT_RhyTurtle.h">
      <Filter>02. Contents\02. Enemy\03. CT_RhyTurtle</Filter>
    </ClInclude>
    <ClInclude Include="YellowPortal.h">
      <Filter>02. Contents\10. Portal\YellowPortal</Filter>
    </ClInclude>
    <ClInclude Include="Scene_Eagle.h">
      <Filter>02. Contents\03. Scene\05. Scene_Eagle</Filter>
    </ClInclude>
    <ClInclude Include="Eagle.h">
      <Filter>02. Contents\03. Scene\05. Scene_Eagle\01. Eagles\Eagle</Filter>
    </ClInclude>
    <ClInclude Include="Aim.h">
      <Filter>02. Contents\11. OBJ_UI\04. Aim</Filter>
    </ClInclude>
    <ClInclude Include="BaldEagle.h">
      <Filter>02. Contents\03. Scene\05. Scene_Eagle\01. Eagles\Bald_Eagle</Filter>
    </ClInclude>
    <ClInclude Include="TimerUI.h">
      <Filter>02. Contents\11. OBJ_UI\05. TimerUI</Filter>
    </ClInclude>
    <ClInclude Include="EG_GameMgr.h">
      <Filter>02. Contents\03. Scene\05. Scene_Eagle\00. GameMgr</Filter>
    </ClInclude>
    <ClInclude Include="Counting.h">
      <Filter>02. Contents\11. OBJ_UI\06. Counting</Filter>
    </ClInclude>
    <ClInclude Include="Success.h">
      <Filter>02. Contents\11. OBJ_UI\07. Success</Filter>
    </ClInclude>
    <ClInclude Include="Fail.h">
      <Filter>02. Contents\11. OBJ_UI\08. Fail</Filter>
    </ClInclude>
    <ClInclude Include="Scene_Totem.h">
      <Filter>02. Contents\03. Scene\06. Scene_Totem</Filter>
    </ClInclude>
    <ClInclude Include="Totem.h">
      <Filter>02. Contents\03. Scene\06. Scene_Totem\01. Totem</Filter>
    </ClInclude>
    <ClInclude Include="TotemBar.h">
      <Filter>02. Contents\11. OBJ_UI\09. TotemBar</Filter>
    </ClInclude>
    <ClInclude Include="Totem_Player.h">
      <Filter>02. Contents\03. Scene\06. Scene_Totem\02. Player</Filter>
    </ClInclude>
    <ClInclude Include="TS_GameMgr.h">
      <Filter>02. Contents\03. Scene\06. Scene_Totem\03. TS_GameMgr</Filter>
    </ClInclude>
    <ClInclude Include="PerfectEffect.h">
      <Filter>02. Contents\03. Scene\06. Scene_Totem\04. Effect\01. CatchEffect\00. Perfect</Filter>
    </ClInclude>
    <ClInclude Include="GreatEffect.h">
      <Filter>02. Contents\03. Scene\06. Scene_Totem\04. Effect\01. CatchEffect\01. Great</Filter>
    </ClInclude>
    <ClInclude Include="GoodEffect.h">
      <Filter>02. Contents\03. Scene\06. Scene_Totem\04. Effect\01. CatchEffect\02. Good</Filter>
    </ClInclude>
    <ClInclude Include="KillEffect.h">
      <Filter>02. Contents\03. Scene\06. Scene_Totem\04. Effect\02. KillEffect</Filter>
    </ClInclude>
    <ClInclude Include="SlashEffect.h">
      <Filter>02. Contents\03. Scene\06. Scene_Totem\04. Effect\03. SlashEffect</Filter>
    </ClInclude>
    <ClInclude Include="WhiteBuffer.h">
      <Filter>02. Contents\12. OBJ_ETC\03. WhiteBuffer</Filter>
    </ClInclude>
    <ClInclude Include="QuestMgr.h">
      <Filter>01. Core\3. Manager\10. QuestMgr</Filter>
    </ClInclude>
    <ClInclude Include="Quest.h">
      <Filter>02. Contents\13. Quest</Filter>
    </ClInclude>
    <ClInclude Include="HuntQuest.h">
      <Filter>02. Contents\13. Quest\01. HuntQuest</Filter>
    </ClInclude>
    <ClInclude Include="EventPortal.h">
      <Filter>02. Contents\10. Portal\EventPortal</Filter>
    </ClInclude>
    <ClInclude Include="Scene_Totem_Prev.h">
      <Filter>02. Contents\03. Scene\07. Scene_Totem_Prev</Filter>
    </ClInclude>
    <ClInclude Include="Scene_Eagle_Prev.h">
      <Filter>02. Contents\03. Scene\08. Scene_Eagle_Prev</Filter>
    </ClInclude>
    <ClInclude Include="Frieto.h">
      <Filter>02. Contents\07. Npc\03. Frietto</Filter>
    </ClInclude>
    <ClInclude Include="Scene_Rudy.h">
      <Filter>02. Contents\03. Scene\09. Scene_Rudy</Filter>
    </ClInclude>
    <ClInclude Include="RudyBG.h">
      <Filter>02. Contents\05. BackGround\AnimBG\뒤틀린시간의길</Filter>
    </ClInclude>
    <ClInclude Include="DualPirate.h">
      <Filter>02. Contents\02. Enemy\04. DualPirate</Filter>
    </ClInclude>
    <ClInclude Include="EventPortal2.h">
      <Filter>02. Contents\10. Portal\EventPortal2</Filter>
    </ClInclude>
    <ClInclude Include="Scene_Rudy_End.h">
      <Filter>02. Contents\03. Scene\10. Scene_Rudy_End</Filter>
    </ClInclude>
    <ClInclude Include="Stone.h">
      <Filter>02. Contents\07. Npc\04. Stone</Filter>
    </ClInclude>
    <ClInclude Include="Etc.h">
      <Filter>02. Contents\08. Item\03. Etc</Filter>
    </ClInclude>
    <ClInclude Include="Token.h">
      <Filter>02. Contents\08. Item\03. Etc\Token</Filter>
    </ClInclude>
    <ClInclude Include="Meso_Obj.h">
      <Filter>02. Contents\08. Item\00. Item_Obj\Meso_Obj</Filter>
    </ClInclude>
    <ClInclude Include="LevelUp.h">
      <Filter>02. Contents\06. Skill\06. LevelUp</Filter>
    </ClInclude>
    <ClInclude Include="Esfesia.h">
      <Filter>02. Contents\07. Npc\05. Esfesia</Filter>
    </ClInclude>
  </ItemGroup>
  <ItemGroup>
    <ClCompile Include="JaeookAPI.cpp">
      <Filter>소스 파일</Filter>
    </ClCompile>
    <ClCompile Include="MainGame.cpp">
      <Filter>01. Core\1. MainGame</Filter>
    </ClCompile>
    <ClCompile Include="Vec2.cpp">
      <Filter>01. Core\2. Header</Filter>
    </ClCompile>
    <ClCompile Include="GameObject.cpp">
      <Filter>01. Core\4. Obj</Filter>
    </ClCompile>
    <ClCompile Include="Entity.cpp">
      <Filter>01. Core\4. Obj\Enitity</Filter>
    </ClCompile>
    <ClCompile Include="KeyMgr.cpp">
      <Filter>01. Core\3. Manager\01. KeyMgr</Filter>
    </ClCompile>
    <ClCompile Include="TimeMgr.cpp">
      <Filter>01. Core\3. Manager\04. TimeMgr</Filter>
    </ClCompile>
    <ClCompile Include="SceneMgr.cpp">
      <Filter>01. Core\3. Manager\03. SceneMgr</Filter>
    </ClCompile>
    <ClCompile Include="Scene.cpp">
      <Filter>01. Core\5. Scene</Filter>
    </ClCompile>
    <ClCompile Include="Layer.cpp">
      <Filter>01. Core\6. Layer</Filter>
    </ClCompile>
    <ClCompile Include="RenderMgr.cpp">
      <Filter>01. Core\3. Manager\02. RenderMgr</Filter>
    </ClCompile>
    <ClCompile Include="JoResource.cpp">
      <Filter>01. Core\7. Resource</Filter>
    </ClCompile>
    <ClCompile Include="JoTexture.cpp">
      <Filter>01. Core\7. Resource\Texture</Filter>
    </ClCompile>
    <ClCompile Include="ResourceMgr.cpp">
      <Filter>01. Core\3. Manager\05. ResourceMgr</Filter>
    </ClCompile>
    <ClCompile Include="JoBmp.cpp">
      <Filter>01. Core\7. Resource\Bmp</Filter>
    </ClCompile>
    <ClCompile Include="CollisionMgr.cpp">
      <Filter>01. Core\3. Manager\06. CollisionMgr</Filter>
    </ClCompile>
    <ClCompile Include="Animator.cpp">
      <Filter>01. Core\8. Component\01. Animator</Filter>
    </ClCompile>
    <ClCompile Include="Animation.cpp">
      <Filter>01. Core\8. Component\01. Animator\Animation</Filter>
    </ClCompile>
    <ClCompile Include="Camera.cpp">
      <Filter>01. Core\4. Obj\Camera</Filter>
    </ClCompile>
    <ClCompile Include="Collider.cpp">
      <Filter>01. Core\8. Component\02. Collider</Filter>
    </ClCompile>
    <ClCompile Include="Rigidbody.cpp">
      <Filter>01. Core\8. Component\03. Rigidbody</Filter>
    </ClCompile>
    <ClCompile Include="MyFmod.cpp">
      <Filter>01. Core\8. FMOD</Filter>
    </ClCompile>
    <ClCompile Include="SoundMgr.cpp">
      <Filter>01. Core\3. Manager\07. SoundMgr</Filter>
    </ClCompile>
    <ClCompile Include="Audio.cpp">
      <Filter>01. Core\7. Resource\Audio</Filter>
    </ClCompile>
    <ClCompile Include="Scene_Rutabyss.cpp">
      <Filter>02. Contents\03. Scene\02. Scene_Rutabyss</Filter>
    </ClCompile>
    <ClCompile Include="Player.cpp">
      <Filter>02. Contents\01. Player</Filter>
    </ClCompile>
    <ClCompile Include="BackGround.cpp">
      <Filter>02. Contents\05. BackGround</Filter>
    </ClCompile>
    <ClCompile Include="AnimBG.cpp">
      <Filter>02. Contents\05. BackGround\AnimBG</Filter>
    </ClCompile>
    <ClCompile Include="GiantRootBG.cpp">
      <Filter>02. Contents\05. BackGround\AnimBG\거대한뿌리</Filter>
    </ClCompile>
    <ClCompile Include="UIMgr.cpp">
      <Filter>01. Core\3. Manager\08. UIMgr</Filter>
    </ClCompile>
    <ClCompile Include="SkillUI.cpp">
      <Filter>02. Contents\04. UI\SkillUI</Filter>
    </ClCompile>
    <ClCompile Include="PhantomBlow.cpp">
      <Filter>02. Contents\06. Skill\01. PhantomBlow</Filter>
    </ClCompile>
    <ClCompile Include="SkillStats.cpp">
      <Filter>02. Contents\01. Player\SkillStats</Filter>
    </ClCompile>
    <ClCompile Include="PlayerStats.cpp">
      <Filter>02. Contents\01. Player\PlayerStats</Filter>
    </ClCompile>
    <ClCompile Include="Skill.cpp">
      <Filter>02. Contents\06. Skill</Filter>
    </ClCompile>
    <ClCompile Include="HudUI.cpp">
      <Filter>02. Contents\04. UI\HUDUI</Filter>
    </ClCompile>
    <ClCompile Include="QuickSlotUI.cpp">
      <Filter>02. Contents\04. UI\QuickSlotUI</Filter>
    </ClCompile>
    <ClCompile Include="QuickStats.cpp">
      <Filter>02. Contents\01. Player\QuickStats</Filter>
    </ClCompile>
    <ClCompile Include="MovableUI.cpp">
      <Filter>02. Contents\04. UI</Filter>
    </ClCompile>
    <ClCompile Include="PB_Obj.cpp">
      <Filter>02. Contents\06. Skill\01. PhantomBlow\PB_Obj</Filter>
    </ClCompile>
    <ClCompile Include="HitEffect.cpp">
      <Filter>02. Contents\06. Skill\00. HitEffect</Filter>
    </ClCompile>
    <ClCompile Include="Skill_Obj.cpp">
      <Filter>02. Contents\06. Skill\00. Skill_Obj</Filter>
    </ClCompile>
    <ClCompile Include="FJ_Obj.cpp">
      <Filter>02. Contents\06. Skill\00. FlashJump</Filter>
    </ClCompile>
    <ClCompile Include="InvenUI.cpp">
      <Filter>02. Contents\04. UI\InvenUI</Filter>
    </ClCompile>
    <ClCompile Include="Item.cpp">
      <Filter>02. Contents\08. Item</Filter>
    </ClCompile>
    <ClCompile Include="Equipable.cpp">
      <Filter>02. Contents\08. Item\01. Equipable</Filter>
    </ClCompile>
    <ClCompile Include="Inventory.cpp">
      <Filter>02. Contents\01. Player\Inventory</Filter>
    </ClCompile>
    <ClCompile Include="EquipUI.cpp">
      <Filter>02. Contents\04. UI\EquipUI</Filter>
    </ClCompile>
    <ClCompile Include="EquipStats.cpp">
      <Filter>02. Contents\01. Player\EquipStats</Filter>
    </ClCompile>
    <ClCompile Include="Item_Obj.cpp">
      <Filter>02. Contents\08. Item\00. Item_Obj</Filter>
    </ClCompile>
    <ClCompile Include="Hat.cpp">
      <Filter>02. Contents\08. Item\01. Equipable\01. Hat</Filter>
    </ClCompile>
    <ClCompile Include="Top.cpp">
      <Filter>02. Contents\08. Item\01. Equipable\02. Top</Filter>
    </ClCompile>
    <ClCompile Include="Bottom.cpp">
      <Filter>02. Contents\08. Item\01. Equipable\03. Bottom</Filter>
    </ClCompile>
    <ClCompile Include="Shoes.cpp">
      <Filter>02. Contents\08. Item\01. Equipable\04. Shoes</Filter>
    </ClCompile>
    <ClCompile Include="Weapon.cpp">
      <Filter>02. Contents\08. Item\01. Equipable\05. Weapon</Filter>
    </ClCompile>
    <ClCompile Include="ItemDatabase.cpp">
      <Filter>01. Core\3. Manager\09. ItemDatabase</Filter>
    </ClCompile>
    <ClCompile Include="StatUI.cpp">
      <Filter>02. Contents\04. UI\StatUI</Filter>
    </ClCompile>
    <ClCompile Include="Girl.cpp">
      <Filter>02. Contents\07. Npc\01. Girl</Filter>
    </ClCompile>
    <ClCompile Include="ShopBoy.cpp">
      <Filter>02. Contents\07. Npc\02. ShopBoy</Filter>
    </ClCompile>
    <ClCompile Include="ShopUI.cpp">
      <Filter>02. Contents\04. UI\ShopUI</Filter>
    </ClCompile>
    <ClCompile Include="Consumable.cpp">
      <Filter>02. Contents\08. Item\02. Consumable</Filter>
    </ClCompile>
    <ClCompile Include="PowerEllixer.cpp">
      <Filter>02. Contents\08. Item\02. Consumable\01. PowerEllixer</Filter>
    </ClCompile>
    <ClCompile Include="MyDialogBox.cpp">
      <Filter>02. Contents\04. UI\DialogBox</Filter>
    </ClCompile>
    <ClCompile Include="Scene_Title.cpp">
      <Filter>02. Contents\03. Scene\01. Scene_Title</Filter>
    </ClCompile>
    <ClCompile Include="Button.cpp">
      <Filter>02. Contents\04. UI\Button</Filter>
    </ClCompile>
    <ClCompile Include="Title_Button.cpp">
      <Filter>02. Contents\09. Button\01. Title_Button</Filter>
    </ClCompile>
    <ClCompile Include="AbyssCaveBG.cpp">
      <Filter>02. Contents\05. BackGround\AnimBG\심연의동굴</Filter>
    </ClCompile>
    <ClCompile Include="Scene_Boss.cpp">
      <Filter>02. Contents\03. Scene\03. Scene_Boss</Filter>
    </ClCompile>
    <ClCompile Include="Portal.cpp">
      <Filter>02. Contents\10. Portal</Filter>
    </ClCompile>
    <ClCompile Include="UI.cpp">
      <Filter>02. Contents\04. UI</Filter>
    </ClCompile>
    <ClCompile Include="Vellum.cpp">
      <Filter>02. Contents\02. Enemy\01. Vellum</Filter>
    </ClCompile>
    <ClCompile Include="Enemy.cpp">
      <Filter>02. Contents\02. Enemy</Filter>
    </ClCompile>
    <ClCompile Include="DamageNum.cpp">
      <Filter>02. Contents\11. OBJ_UI\01. DamageNum</Filter>
    </ClCompile>
    <ClCompile Include="animtest.cpp">
      <Filter>소스 파일</Filter>
    </ClCompile>
    <ClCompile Include="animtest2.cpp">
      <Filter>소스 파일</Filter>
    </ClCompile>
    <ClCompile Include="VellumTrigger.cpp">
      <Filter>02. Contents\03. Scene\03. Scene_Boss\VellumTrigger</Filter>
    </ClCompile>
    <ClCompile Include="VellumAttackCollider.cpp">
      <Filter>02. Contents\02. Enemy\01. Vellum\03. VellumAttackCollider</Filter>
    </ClCompile>
    <ClCompile Include="VellumStone.cpp">
      <Filter>02. Contents\02. Enemy\01. Vellum\04. VellumStone</Filter>
    </ClCompile>
    <ClCompile Include="StoneSpawner.cpp">
      <Filter>02. Contents\02. Enemy\01. Vellum\02. StoneSpawner</Filter>
    </ClCompile>
    <ClCompile Include="DeepBreath.cpp">
      <Filter>02. Contents\02. Enemy\01. Vellum\01. DeepBreath</Filter>
    </ClCompile>
    <ClCompile Include="Tail.cpp">
      <Filter>02. Contents\02. Enemy\01. Vellum\05. Tail</Filter>
    </ClCompile>
    <ClCompile Include="DeathUI.cpp">
      <Filter>02. Contents\04. UI\DeathUI</Filter>
    </ClCompile>
    <ClCompile Include="StunEffect.cpp">
      <Filter>02. Contents\12. OBJ_ETC\00. StunObj</Filter>
    </ClCompile>
    <ClCompile Include="Tomb.cpp">
      <Filter>02. Contents\12. OBJ_ETC\01. Tomb</Filter>
    </ClCompile>
    <ClCompile Include="Vellum_HpBar.cpp">
      <Filter>02. Contents\11. OBJ_UI\02. VellumHpBar</Filter>
    </ClCompile>
    <ClCompile Include="MiniMap.cpp">
      <Filter>02. Contents\11. OBJ_UI\03. MiniMap</Filter>
    </ClCompile>
    <ClCompile Include="KarmaFury.cpp">
      <Filter>02. Contents\06. Skill\02. KarmaFury</Filter>
    </ClCompile>
    <ClCompile Include="KF_Obj.cpp">
      <Filter>02. Contents\06. Skill\02. KarmaFury\KF_Obj</Filter>
    </ClCompile>
    <ClCompile Include="BladeStorm.cpp">
      <Filter>02. Contents\06. Skill\04. BladeStorm</Filter>
    </ClCompile>
    <ClCompile Include="BladeTornado.cpp">
      <Filter>02. Contents\06. Skill\03. BladeTornado</Filter>
    </ClCompile>
    <ClCompile Include="BT_Obj.cpp">
      <Filter>02. Contents\06. Skill\03. BladeTornado\BT_Obj</Filter>
    </ClCompile>
    <ClCompile Include="BS_Obj.cpp">
      <Filter>02. Contents\06. Skill\04. BladeStorm\BS_Obj</Filter>
    </ClCompile>
    <ClCompile Include="Asura.cpp">
      <Filter>02. Contents\06. Skill\05. Asura</Filter>
    </ClCompile>
    <ClCompile Include="AS_Obj.cpp">
      <Filter>02. Contents\06. Skill\05. Asura\AS_Obj</Filter>
    </ClCompile>
    <ClCompile Include="Scene_Grandis.cpp">
      <Filter>02. Contents\03. Scene\04. Scene_Grandis</Filter>
    </ClCompile>
    <ClCompile Include="ChewBG.cpp">
      <Filter>02. Contents\05. BackGround\AnimBG\격류지대</Filter>
    </ClCompile>
    <ClCompile Include="RapidStream.cpp">
      <Filter>02. Contents\12. OBJ_ETC\02. RapidStream</Filter>
    </ClCompile>
    <ClCompile Include="RhyTurtle.cpp">
      <Filter>02. Contents\02. Enemy\02. RhyTurtle</Filter>
    </ClCompile>
    <ClCompile Include="AttackCollider.cpp">
      <Filter>02. Contents\02. Enemy\00. AttackCollider</Filter>
    </ClCompile>
    <ClCompile Include="CT_RhyTurtle.cpp">
      <Filter>02. Contents\02. Enemy\03. CT_RhyTurtle</Filter>
    </ClCompile>
    <ClCompile Include="YellowPortal.cpp">
      <Filter>02. Contents\10. Portal\YellowPortal</Filter>
    </ClCompile>
    <ClCompile Include="Scene_Eagle.cpp">
      <Filter>02. Contents\03. Scene\05. Scene_Eagle</Filter>
    </ClCompile>
    <ClCompile Include="Eagle.cpp">
      <Filter>02. Contents\03. Scene\05. Scene_Eagle\01. Eagles\Eagle</Filter>
    </ClCompile>
    <ClCompile Include="Aim.cpp">
      <Filter>02. Contents\11. OBJ_UI\04. Aim</Filter>
    </ClCompile>
    <ClCompile Include="BaldEagle.cpp">
      <Filter>02. Contents\03. Scene\05. Scene_Eagle\01. Eagles\Bald_Eagle</Filter>
    </ClCompile>
    <ClCompile Include="TimerUI.cpp">
      <Filter>02. Contents\11. OBJ_UI\05. TimerUI</Filter>
    </ClCompile>
    <ClCompile Include="EG_GameMgr.cpp">
      <Filter>02. Contents\03. Scene\05. Scene_Eagle\00. GameMgr</Filter>
    </ClCompile>
    <ClCompile Include="Counting.cpp">
      <Filter>02. Contents\11. OBJ_UI\06. Counting</Filter>
    </ClCompile>
    <ClCompile Include="Success.cpp">
      <Filter>02. Contents\11. OBJ_UI\07. Success</Filter>
    </ClCompile>
    <ClCompile Include="Fail.cpp">
      <Filter>02. Contents\11. OBJ_UI\08. Fail</Filter>
    </ClCompile>
    <ClCompile Include="Scene_Totem.cpp">
      <Filter>02. Contents\03. Scene\06. Scene_Totem</Filter>
    </ClCompile>
    <ClCompile Include="Totem.cpp">
      <Filter>02. Contents\03. Scene\06. Scene_Totem\01. Totem</Filter>
    </ClCompile>
    <ClCompile Include="TotemBar.cpp">
      <Filter>02. Contents\11. OBJ_UI\09. TotemBar</Filter>
    </ClCompile>
    <ClCompile Include="Totem_Player.cpp">
      <Filter>02. Contents\03. Scene\06. Scene_Totem\02. Player</Filter>
    </ClCompile>
    <ClCompile Include="TS_GameMgr.cpp">
      <Filter>02. Contents\03. Scene\06. Scene_Totem\03. TS_GameMgr</Filter>
    </ClCompile>
    <ClCompile Include="PerfectEffect.cpp">
      <Filter>02. Contents\03. Scene\06. Scene_Totem\04. Effect\01. CatchEffect\00. Perfect</Filter>
    </ClCompile>
    <ClCompile Include="GreatEffect.cpp">
      <Filter>02. Contents\03. Scene\06. Scene_Totem\04. Effect\01. CatchEffect\01. Great</Filter>
    </ClCompile>
    <ClCompile Include="GoodEffect.cpp">
      <Filter>02. Contents\03. Scene\06. Scene_Totem\04. Effect\01. CatchEffect\02. Good</Filter>
    </ClCompile>
    <ClCompile Include="KillEffect.cpp">
      <Filter>02. Contents\03. Scene\06. Scene_Totem\04. Effect\02. KillEffect</Filter>
    </ClCompile>
    <ClCompile Include="SlashEffect.cpp">
      <Filter>02. Contents\03. Scene\06. Scene_Totem\04. Effect\03. SlashEffect</Filter>
    </ClCompile>
    <ClCompile Include="WhiteBuffer.cpp">
      <Filter>02. Contents\12. OBJ_ETC\03. WhiteBuffer</Filter>
    </ClCompile>
    <ClCompile Include="QuestMgr.cpp">
      <Filter>01. Core\3. Manager\10. QuestMgr</Filter>
    </ClCompile>
    <ClCompile Include="Quest.cpp">
      <Filter>02. Contents\13. Quest</Filter>
    </ClCompile>
    <ClCompile Include="HuntQuest.cpp">
      <Filter>02. Contents\13. Quest\01. HuntQuest</Filter>
    </ClCompile>
    <ClCompile Include="EventPortal.cpp">
      <Filter>02. Contents\10. Portal\EventPortal</Filter>
    </ClCompile>
    <ClCompile Include="Scene_Totem_Prev.cpp">
      <Filter>02. Contents\03. Scene\07. Scene_Totem_Prev</Filter>
    </ClCompile>
    <ClCompile Include="Scene_Eagle_Prev.cpp">
      <Filter>02. Contents\03. Scene\08. Scene_Eagle_Prev</Filter>
    </ClCompile>
    <ClCompile Include="Frieto.cpp">
      <Filter>02. Contents\07. Npc\03. Frietto</Filter>
    </ClCompile>
    <ClCompile Include="Scene_Rudy.cpp">
      <Filter>02. Contents\03. Scene\09. Scene_Rudy</Filter>
    </ClCompile>
    <ClCompile Include="RudyBG.cpp">
      <Filter>02. Contents\05. BackGround\AnimBG\뒤틀린시간의길</Filter>
    </ClCompile>
    <ClCompile Include="DualPirate.cpp">
      <Filter>02. Contents\02. Enemy\04. DualPirate</Filter>
    </ClCompile>
    <ClCompile Include="EventPortal2.cpp">
      <Filter>02. Contents\10. Portal\EventPortal2</Filter>
    </ClCompile>
    <ClCompile Include="Scene_Rudy_End.cpp">
      <Filter>02. Contents\03. Scene\10. Scene_Rudy_End</Filter>
    </ClCompile>
    <ClCompile Include="Stone.cpp">
      <Filter>02. Contents\07. Npc\04. Stone</Filter>
    </ClCompile>
    <ClCompile Include="Etc.cpp">
      <Filter>02. Contents\08. Item\03. Etc</Filter>
    </ClCompile>
    <ClCompile Include="Token.cpp">
      <Filter>02. Contents\08. Item\03. Etc\Token</Filter>
    </ClCompile>
    <ClCompile Include="Meso_Obj.cpp">
      <Filter>02. Contents\08. Item\00. Item_Obj\Meso_Obj</Filter>
    </ClCompile>
    <ClCompile Include="LevelUp.cpp">
      <Filter>02. Contents\06. Skill\06. LevelUp</Filter>
    </ClCompile>
    <ClCompile Include="Esfesia.cpp">
      <Filter>02. Contents\07. Npc\05. Esfesia</Filter>
    </ClCompile>
  </ItemGroup>
  <ItemGroup>
    <ResourceCompile Include="JaeookAPI.rc">
      <Filter>리소스 파일</Filter>
    </ResourceCompile>
  </ItemGroup>
  <ItemGroup>
    <Image Include="small.ico">
      <Filter>리소스 파일</Filter>
    </Image>
    <Image Include="JaeookAPI.ico">
      <Filter>리소스 파일</Filter>
    </Image>
  </ItemGroup>
</Project>